
Microsoft Visual Studio Solution File, Format Version 12.00
# Visual Studio Version 16
VisualStudioVersion = 16.0.30907.101
MinimumVisualStudioVersion = 10.0.40219.1
Project("{FAE04EC0-301F-11D3-BF4B-00C04F79EFBC}") = "MatGenerator", "MatGenerator\MatGenerator.csproj", "{C3BAD010-CA10-46CC-9CC7-E51DA008CCF8}"
EndProject
Global
	GlobalSection(SolutionConfigurationPlatforms) = preSolution
		Debug|Any CPU = Debug|Any CPU
		Release|Any CPU = Release|Any CPU
	EndGlobalSection
	GlobalSection(ProjectConfigurationPlatforms) = postSolution
		{C3BAD010-CA10-46CC-9CC7-E51DA008CCF8}.Debug|Any CPU.ActiveCfg = Debug|Any CPU
		{C3BAD010-CA10-46CC-9CC7-E51DA008CCF8}.Debug|Any CPU.Build.0 = Debug|Any CPU
		{C3BAD010-CA10-46CC-9CC7-E51DA008CCF8}.Release|Any CPU.ActiveCfg = Release|Any CPU
		{C3BAD010-CA10-46CC-9CC7-E51DA008CCF8}.Release|Any CPU.Build.0 = Release|Any CPU
	EndGlobalSection
	GlobalSection(SolutionProperties) = preSolution
		HideSolutionNode = FALSE
	EndGlobalSection
	GlobalSection(ExtensibilityGlobals) = postSolution
		SolutionGuid = {0CCDED73-09C0-444D-9CCF-5475F060724E}
	EndGlobalSection
EndGlobal
